
Microsoft Visual Studio Solution File, Format Version 12.00
# Visual Studio Version 17
VisualStudioVersion = 17.5.33414.496
MinimumVisualStudioVersion = 10.0.40219.1
Project("{9A19103F-16F7-4668-BE54-9A1E7A4F7556}") = "SIVIGILA", "SIVIGILA\SIVIGILA.csproj", "{B9F66D24-6B81-48D4-ABB2-37143026DB1F}"
EndProject
Project("{FAE04EC0-301F-11D3-BF4B-00C04F79EFBC}") = "SIVIGILATests", "SIVIGILATests\SIVIGILATests.csproj", "{74067CBC-A0D8-4ABB-946C-8B620E4D44F8}"
EndProject
Global
	GlobalSection(SolutionConfigurationPlatforms) = preSolution
		Debug|Any CPU = Debug|Any CPU
		Release|Any CPU = Release|Any CPU
	EndGlobalSection
	GlobalSection(ProjectConfigurationPlatforms) = postSolution
		{B9F66D24-6B81-48D4-ABB2-37143026DB1F}.Debug|Any CPU.ActiveCfg = Debug|Any CPU
		{B9F66D24-6B81-48D4-ABB2-37143026DB1F}.Debug|Any CPU.Build.0 = Debug|Any CPU
		{B9F66D24-6B81-48D4-ABB2-37143026DB1F}.Release|Any CPU.ActiveCfg = Release|Any CPU
		{B9F66D24-6B81-48D4-ABB2-37143026DB1F}.Release|Any CPU.Build.0 = Release|Any CPU
		{74067CBC-A0D8-4ABB-946C-8B620E4D44F8}.Debug|Any CPU.ActiveCfg = Debug|Any CPU
		{74067CBC-A0D8-4ABB-946C-8B620E4D44F8}.Debug|Any CPU.Build.0 = Debug|Any CPU
		{74067CBC-A0D8-4ABB-946C-8B620E4D44F8}.Release|Any CPU.ActiveCfg = Release|Any CPU
		{74067CBC-A0D8-4ABB-946C-8B620E4D44F8}.Release|Any CPU.Build.0 = Release|Any CPU
	EndGlobalSection
	GlobalSection(SolutionProperties) = preSolution
		HideSolutionNode = FALSE
	EndGlobalSection
	GlobalSection(ExtensibilityGlobals) = postSolution
		SolutionGuid = {AAA37BBB-166E-4701-98AD-262330972DDE}
	EndGlobalSection
EndGlobal
